
Microsoft Visual Studio Solution File, Format Version 12.00
# Visual Studio Version 16
VisualStudioVersion = 16.0.29806.167
MinimumVisualStudioVersion = 10.0.40219.1
Project("{9A19103F-16F7-4668-BE54-9A1E7A4F7556}") = "ESU.ActivationWS", "ESU.ActivationWS\ESU.ActivationWS.csproj", "{5D67B19E-907F-4D73-B76B-912668E85599}"
EndProject
Project("{9A19103F-16F7-4668-BE54-9A1E7A4F7556}") = "ESU.ConfirmationWS", "ESU.ConfirmationWS\ESU.ConfirmationWS.csproj", "{AA031174-47E7-4645-BE86-C442145724C8}"
EndProject
Project("{9A19103F-16F7-4668-BE54-9A1E7A4F7556}") = "ESU.CollectWS", "ESU.CollectWS\ESU.CollectWS.csproj", "{F5C0B5F1-5AD6-491B-97A4-942A9CDDED8F}"
EndProject
Project("{9A19103F-16F7-4668-BE54-9A1E7A4F7556}") = "ESU.Data", "ESU.Data\ESU.Data.csproj", "{98860A53-740A-4FFA-9544-B102E00CE07B}"
EndProject
Project("{9A19103F-16F7-4668-BE54-9A1E7A4F7556}") = "ESU.MonitoringWS", "ESU.Monitoring\ESU.MonitoringWS.csproj", "{0523CE6C-A65B-4E93-AA73-FC1D36C9DCCB}"
EndProject
Global
	GlobalSection(SolutionConfigurationPlatforms) = preSolution
		Debug|Any CPU = Debug|Any CPU
		Release|Any CPU = Release|Any CPU
	EndGlobalSection
	GlobalSection(ProjectConfigurationPlatforms) = postSolution
		{5D67B19E-907F-4D73-B76B-912668E85599}.Debug|Any CPU.ActiveCfg = Debug|Any CPU
		{5D67B19E-907F-4D73-B76B-912668E85599}.Debug|Any CPU.Build.0 = Debug|Any CPU
		{5D67B19E-907F-4D73-B76B-912668E85599}.Release|Any CPU.ActiveCfg = Release|Any CPU
		{5D67B19E-907F-4D73-B76B-912668E85599}.Release|Any CPU.Build.0 = Release|Any CPU
		{AA031174-47E7-4645-BE86-C442145724C8}.Debug|Any CPU.ActiveCfg = Debug|Any CPU
		{AA031174-47E7-4645-BE86-C442145724C8}.Debug|Any CPU.Build.0 = Debug|Any CPU
		{AA031174-47E7-4645-BE86-C442145724C8}.Release|Any CPU.ActiveCfg = Release|Any CPU
		{AA031174-47E7-4645-BE86-C442145724C8}.Release|Any CPU.Build.0 = Release|Any CPU
		{F5C0B5F1-5AD6-491B-97A4-942A9CDDED8F}.Debug|Any CPU.ActiveCfg = Debug|Any CPU
		{F5C0B5F1-5AD6-491B-97A4-942A9CDDED8F}.Debug|Any CPU.Build.0 = Debug|Any CPU
		{F5C0B5F1-5AD6-491B-97A4-942A9CDDED8F}.Release|Any CPU.ActiveCfg = Release|Any CPU
		{F5C0B5F1-5AD6-491B-97A4-942A9CDDED8F}.Release|Any CPU.Build.0 = Release|Any CPU
		{98860A53-740A-4FFA-9544-B102E00CE07B}.Debug|Any CPU.ActiveCfg = Debug|Any CPU
		{98860A53-740A-4FFA-9544-B102E00CE07B}.Debug|Any CPU.Build.0 = Debug|Any CPU
		{98860A53-740A-4FFA-9544-B102E00CE07B}.Release|Any CPU.ActiveCfg = Release|Any CPU
		{98860A53-740A-4FFA-9544-B102E00CE07B}.Release|Any CPU.Build.0 = Release|Any CPU
		{0523CE6C-A65B-4E93-AA73-FC1D36C9DCCB}.Debug|Any CPU.ActiveCfg = Debug|Any CPU
		{0523CE6C-A65B-4E93-AA73-FC1D36C9DCCB}.Debug|Any CPU.Build.0 = Debug|Any CPU
		{0523CE6C-A65B-4E93-AA73-FC1D36C9DCCB}.Release|Any CPU.ActiveCfg = Release|Any CPU
		{0523CE6C-A65B-4E93-AA73-FC1D36C9DCCB}.Release|Any CPU.Build.0 = Release|Any CPU
	EndGlobalSection
	GlobalSection(SolutionProperties) = preSolution
		HideSolutionNode = FALSE
	EndGlobalSection
	GlobalSection(ExtensibilityGlobals) = postSolution
		SolutionGuid = {857E7C73-6696-4873-91E6-95C07C10615D}
	EndGlobalSection
EndGlobal
